
Microsoft Visual Studio Solution File, Format Version 12.00
# Visual Studio Version 17
VisualStudioVersion = 17.1.32228.430
MinimumVisualStudioVersion = 10.0.40219.1
Project("{FAE04EC0-301F-11D3-BF4B-00C04F79EFBC}") = "ProyectoLBD", "ProyectoLBD\ProyectoLBD.csproj", "{796475FB-964B-4CE7-87ED-D17D9E87EB25}"
EndProject
Global
	GlobalSection(SolutionConfigurationPlatforms) = preSolution
		Debug|Any CPU = Debug|Any CPU
		Release|Any CPU = Release|Any CPU
	EndGlobalSection
	GlobalSection(ProjectConfigurationPlatforms) = postSolution
		{796475FB-964B-4CE7-87ED-D17D9E87EB25}.Debug|Any CPU.ActiveCfg = Debug|Any CPU
		{796475FB-964B-4CE7-87ED-D17D9E87EB25}.Debug|Any CPU.Build.0 = Debug|Any CPU
		{796475FB-964B-4CE7-87ED-D17D9E87EB25}.Release|Any CPU.ActiveCfg = Release|Any CPU
		{796475FB-964B-4CE7-87ED-D17D9E87EB25}.Release|Any CPU.Build.0 = Release|Any CPU
	EndGlobalSection
	GlobalSection(SolutionProperties) = preSolution
		HideSolutionNode = FALSE
	EndGlobalSection
	GlobalSection(ExtensibilityGlobals) = postSolution
		SolutionGuid = {47B4BFAD-0E93-4270-B182-272DB41AE489}
	EndGlobalSection
EndGlobal
